// !$*UTF8*$!
{
	archiveVersion = 1;
	classes = {
	};
	objectVersion = 56;
	objects = {

/* Begin PBXBuildFile section */
		7906C1EB2A61908E004E31B4 /* ProcessingType.swift in Sources */ = {isa = PBXBuildFile; fileRef = 7906C1E92A61908E004E31B4 /* ProcessingType.swift */; };
		793542952A3C6D63008DB683 /* ImageUpscalerTests.swift in Sources */ = {isa = PBXBuildFile; fileRef = 793542942A3C6D63008DB683 /* ImageUpscalerTests.swift */; };
		793F57652A628C8A0084E37B /* ActivityViewController.swift in Sources */ = {isa = PBXBuildFile; fileRef = 793F57642A628C8A0084E37B /* ActivityViewController.swift */; };
		793F57682A62A50C0084E37B /* ProcessingType+ProcessingMethod.swift in Sources */ = {isa = PBXBuildFile; fileRef = 793F57672A62A50C0084E37B /* ProcessingType+ProcessingMethod.swift */; };
		793F576A2A62A5460084E37B /* ProcessingType+Model.swift in Sources */ = {isa = PBXBuildFile; fileRef = 793F57692A62A5460084E37B /* ProcessingType+Model.swift */; };
		793F576C2A62A5630084E37B /* ProcessingType+Description.swift in Sources */ = {isa = PBXBuildFile; fileRef = 793F576B2A62A5630084E37B /* ProcessingType+Description.swift */; };
		793F57702A62AD600084E37B /* Localizable.strings in Resources */ = {isa = PBXBuildFile; fileRef = 793F57722A62AD600084E37B /* Localizable.strings */; };
		793F57752A62B4540084E37B /* String+Localized.swift in Sources */ = {isa = PBXBuildFile; fileRef = 793F57742A62B4540084E37B /* String+Localized.swift */; };
		79410D902A5EEA5200C78CE1 /* ImageToImageConfigurationView.swift in Sources */ = {isa = PBXBuildFile; fileRef = 79410D8F2A5EEA5200C78CE1 /* ImageToImageConfigurationView.swift */; };
		7967D1132A5FEA170088E51D /* UIImage+Tiling.swift in Sources */ = {isa = PBXBuildFile; fileRef = 7967D1122A5FEA170088E51D /* UIImage+Tiling.swift */; };
		7967D1152A5FEA4E0088E51D /* Image+WithFixedOrientation.swift in Sources */ = {isa = PBXBuildFile; fileRef = 7967D1142A5FEA4E0088E51D /* Image+WithFixedOrientation.swift */; };
		7967D1172A5FEB9B0088E51D /* Subject+SendOnMain.swift in Sources */ = {isa = PBXBuildFile; fileRef = 7967D1162A5FEB9B0088E51D /* Subject+SendOnMain.swift */; };
		7967D11D2A5FED8E0088E51D /* CIImage+CGImage.swift in Sources */ = {isa = PBXBuildFile; fileRef = 7967D11C2A5FED8E0088E51D /* CIImage+CGImage.swift */; };
		7967D1222A5FF24C0088E51D /* View+Haptics.swift in Sources */ = {isa = PBXBuildFile; fileRef = 7967D1212A5FF24C0088E51D /* View+Haptics.swift */; };
		7967D1242A5FF28B0088E51D /* CoreGraphics+Arithmetics.swift in Sources */ = {isa = PBXBuildFile; fileRef = 7967D1232A5FF28B0088E51D /* CoreGraphics+Arithmetics.swift */; };
		7967D1262A5FF8410088E51D /* ImageToImageConfiguration.swift in Sources */ = {isa = PBXBuildFile; fileRef = 7967D1252A5FF8410088E51D /* ImageToImageConfiguration.swift */; };
		7967D12B2A6045D90088E51D /* ImagePropertiesView.swift in Sources */ = {isa = PBXBuildFile; fileRef = 7967D12A2A6045D90088E51D /* ImagePropertiesView.swift */; };
		7967D12D2A604B960088E51D /* UIImage+Resized.swift in Sources */ = {isa = PBXBuildFile; fileRef = 7967D12C2A604B960088E51D /* UIImage+Resized.swift */; };
		7967D12F2A605E500088E51D /* VerticalLabelStyle.swift in Sources */ = {isa = PBXBuildFile; fileRef = 7967D12E2A605E500088E51D /* VerticalLabelStyle.swift */; };
		7967D1312A61326E0088E51D /* View+ErrorAlert.swift in Sources */ = {isa = PBXBuildFile; fileRef = 7967D1302A61326E0088E51D /* View+ErrorAlert.swift */; };
		7967D1332A6137130088E51D /* ImageToImageProcessingError.swift in Sources */ = {isa = PBXBuildFile; fileRef = 7967D1322A6137130088E51D /* ImageToImageProcessingError.swift */; };
		797B73C22A387ADF0059BA32 /* ImageUpscalerApp.swift in Sources */ = {isa = PBXBuildFile; fileRef = 797B73C12A387ADF0059BA32 /* ImageUpscalerApp.swift */; };
		797B73C92A387ADF0059BA32 /* Preview Assets.xcassets in Resources */ = {isa = PBXBuildFile; fileRef = 797B73C82A387ADF0059BA32 /* Preview Assets.xcassets */; };
		79A1B3972A5C4929000555E8 /* ImageToImageProcessor.swift in Sources */ = {isa = PBXBuildFile; fileRef = 79A1B3962A5C4929000555E8 /* ImageToImageProcessor.swift */; };
		79A1B39D2A5C49AB000555E8 /* Zero-DCE.mlmodel in Sources */ = {isa = PBXBuildFile; fileRef = 79A1B39C2A5C49AB000555E8 /* Zero-DCE.mlmodel */; };
		79A1B39F2A5C49B6000555E8 /* RealesrGAN.mlmodel in Sources */ = {isa = PBXBuildFile; fileRef = 79A1B39E2A5C49B6000555E8 /* RealesrGAN.mlmodel */; };
		79A1B3A42A5C4C2F000555E8 /* ProcessingUpdate.swift in Sources */ = {isa = PBXBuildFile; fileRef = 79A1B3A32A5C4C2F000555E8 /* ProcessingUpdate.swift */; };
		79A1B3AA2A5C4E12000555E8 /* MaterialProgressView.swift in Sources */ = {isa = PBXBuildFile; fileRef = 79A1B3A82A5C4E12000555E8 /* MaterialProgressView.swift */; };
		79A1B3AB2A5C4E12000555E8 /* ScalableImageView.swift in Sources */ = {isa = PBXBuildFile; fileRef = 79A1B3A92A5C4E12000555E8 /* ScalableImageView.swift */; };
		79A1B3AE2A5C4E21000555E8 /* ImageToImageProcessingViewModel.swift in Sources */ = {isa = PBXBuildFile; fileRef = 79A1B3AC2A5C4E21000555E8 /* ImageToImageProcessingViewModel.swift */; };
		79A1B3AF2A5C4E21000555E8 /* ImageToImageProcessingView.swift in Sources */ = {isa = PBXBuildFile; fileRef = 79A1B3AD2A5C4E21000555E8 /* ImageToImageProcessingView.swift */; };
		79D7023E2A3D8E73004D38A0 /* MainView.swift in Sources */ = {isa = PBXBuildFile; fileRef = 79D7023D2A3D8E73004D38A0 /* MainView.swift */; };
		79D702422A3D98DB004D38A0 /* Assets.xcassets in Resources */ = {isa = PBXBuildFile; fileRef = 79D702412A3D98DB004D38A0 /* Assets.xcassets */; };
		79D7024B2A3DC5E0004D38A0 /* ProcessingInfoCard.swift in Sources */ = {isa = PBXBuildFile; fileRef = 79D7024A2A3DC5E0004D38A0 /* ProcessingInfoCard.swift */; };
		79D702662A3EF045004D38A0 /* sample512.png in Resources */ = {isa = PBXBuildFile; fileRef = 79D702652A3EF044004D38A0 /* sample512.png */; };
/* End PBXBuildFile section */

/* Begin PBXContainerItemProxy section */
		793542962A3C6D63008DB683 /* PBXContainerItemProxy */ = {
			isa = PBXContainerItemProxy;
			containerPortal = 797B73B62A387ADE0059BA32 /* Project object */;
			proxyType = 1;
			remoteGlobalIDString = 797B73BD2A387ADF0059BA32;
			remoteInfo = ImageUpscaler;
		};
/* End PBXContainerItemProxy section */

/* Begin PBXFileReference section */
		7906C1E92A61908E004E31B4 /* ProcessingType.swift */ = {isa = PBXFileReference; fileEncoding = 4; lastKnownFileType = sourcecode.swift; path = ProcessingType.swift; sourceTree = "<group>"; };
		793542922A3C6D63008DB683 /* ImageUpscalerTests.xctest */ = {isa = PBXFileReference; explicitFileType = wrapper.cfbundle; includeInIndex = 0; path = ImageUpscalerTests.xctest; sourceTree = BUILT_PRODUCTS_DIR; };
		793542942A3C6D63008DB683 /* ImageUpscalerTests.swift */ = {isa = PBXFileReference; lastKnownFileType = sourcecode.swift; path = ImageUpscalerTests.swift; sourceTree = "<group>"; };
		793F57642A628C8A0084E37B /* ActivityViewController.swift */ = {isa = PBXFileReference; lastKnownFileType = sourcecode.swift; path = ActivityViewController.swift; sourceTree = "<group>"; };
		793F57672A62A50C0084E37B /* ProcessingType+ProcessingMethod.swift */ = {isa = PBXFileReference; lastKnownFileType = sourcecode.swift; path = "ProcessingType+ProcessingMethod.swift"; sourceTree = "<group>"; };
		793F57692A62A5460084E37B /* ProcessingType+Model.swift */ = {isa = PBXFileReference; lastKnownFileType = sourcecode.swift; path = "ProcessingType+Model.swift"; sourceTree = "<group>"; };
		793F576B2A62A5630084E37B /* ProcessingType+Description.swift */ = {isa = PBXFileReference; lastKnownFileType = sourcecode.swift; path = "ProcessingType+Description.swift"; sourceTree = "<group>"; };
		793F57712A62AD600084E37B /* en */ = {isa = PBXFileReference; lastKnownFileType = text.plist.strings; name = en; path = en.lproj/Localizable.strings; sourceTree = "<group>"; };
		793F57732A62AD790084E37B /* uk */ = {isa = PBXFileReference; lastKnownFileType = text.plist.strings; name = uk; path = uk.lproj/Localizable.strings; sourceTree = "<group>"; };
		793F57742A62B4540084E37B /* String+Localized.swift */ = {isa = PBXFileReference; lastKnownFileType = sourcecode.swift; path = "String+Localized.swift"; sourceTree = "<group>"; };
		79410D8F2A5EEA5200C78CE1 /* ImageToImageConfigurationView.swift */ = {isa = PBXFileReference; lastKnownFileType = sourcecode.swift; path = ImageToImageConfigurationView.swift; sourceTree = "<group>"; };
		7967D1122A5FEA170088E51D /* UIImage+Tiling.swift */ = {isa = PBXFileReference; lastKnownFileType = sourcecode.swift; path = "UIImage+Tiling.swift"; sourceTree = "<group>"; };
		7967D1142A5FEA4E0088E51D /* Image+WithFixedOrientation.swift */ = {isa = PBXFileReference; lastKnownFileType = sourcecode.swift; path = "Image+WithFixedOrientation.swift"; sourceTree = "<group>"; };
		7967D1162A5FEB9B0088E51D /* Subject+SendOnMain.swift */ = {isa = PBXFileReference; lastKnownFileType = sourcecode.swift; path = "Subject+SendOnMain.swift"; sourceTree = "<group>"; };
		7967D11C2A5FED8E0088E51D /* CIImage+CGImage.swift */ = {isa = PBXFileReference; lastKnownFileType = sourcecode.swift; path = "CIImage+CGImage.swift"; sourceTree = "<group>"; };
		7967D1212A5FF24C0088E51D /* View+Haptics.swift */ = {isa = PBXFileReference; lastKnownFileType = sourcecode.swift; path = "View+Haptics.swift"; sourceTree = "<group>"; };
		7967D1232A5FF28B0088E51D /* CoreGraphics+Arithmetics.swift */ = {isa = PBXFileReference; lastKnownFileType = sourcecode.swift; path = "CoreGraphics+Arithmetics.swift"; sourceTree = "<group>"; };
		7967D1252A5FF8410088E51D /* ImageToImageConfiguration.swift */ = {isa = PBXFileReference; lastKnownFileType = sourcecode.swift; path = ImageToImageConfiguration.swift; sourceTree = "<group>"; };
		7967D12A2A6045D90088E51D /* ImagePropertiesView.swift */ = {isa = PBXFileReference; lastKnownFileType = sourcecode.swift; path = ImagePropertiesView.swift; sourceTree = "<group>"; };
		7967D12C2A604B960088E51D /* UIImage+Resized.swift */ = {isa = PBXFileReference; lastKnownFileType = sourcecode.swift; path = "UIImage+Resized.swift"; sourceTree = "<group>"; };
		7967D12E2A605E500088E51D /* VerticalLabelStyle.swift */ = {isa = PBXFileReference; lastKnownFileType = sourcecode.swift; path = VerticalLabelStyle.swift; sourceTree = "<group>"; };
		7967D1302A61326E0088E51D /* View+ErrorAlert.swift */ = {isa = PBXFileReference; lastKnownFileType = sourcecode.swift; path = "View+ErrorAlert.swift"; sourceTree = "<group>"; };
		7967D1322A6137130088E51D /* ImageToImageProcessingError.swift */ = {isa = PBXFileReference; lastKnownFileType = sourcecode.swift; path = ImageToImageProcessingError.swift; sourceTree = "<group>"; };
		797B73BE2A387ADF0059BA32 /* ImageUpscaler.app */ = {isa = PBXFileReference; explicitFileType = wrapper.application; includeInIndex = 0; path = ImageUpscaler.app; sourceTree = BUILT_PRODUCTS_DIR; };
		797B73C12A387ADF0059BA32 /* ImageUpscalerApp.swift */ = {isa = PBXFileReference; lastKnownFileType = sourcecode.swift; path = ImageUpscalerApp.swift; sourceTree = "<group>"; };
		797B73C82A387ADF0059BA32 /* Preview Assets.xcassets */ = {isa = PBXFileReference; lastKnownFileType = folder.assetcatalog; path = "Preview Assets.xcassets"; sourceTree = "<group>"; };
		799DE3CD2A4B4B10002EF57F /* Info.plist */ = {isa = PBXFileReference; lastKnownFileType = text.plist; path = Info.plist; sourceTree = "<group>"; };
		79A1B3962A5C4929000555E8 /* ImageToImageProcessor.swift */ = {isa = PBXFileReference; lastKnownFileType = sourcecode.swift; path = ImageToImageProcessor.swift; sourceTree = "<group>"; };
		79A1B39C2A5C49AB000555E8 /* Zero-DCE.mlmodel */ = {isa = PBXFileReference; lastKnownFileType = file.mlmodel; path = "Zero-DCE.mlmodel"; sourceTree = "<group>"; };
		79A1B39E2A5C49B6000555E8 /* RealesrGAN.mlmodel */ = {isa = PBXFileReference; lastKnownFileType = file.mlmodel; path = RealesrGAN.mlmodel; sourceTree = "<group>"; };
		79A1B3A32A5C4C2F000555E8 /* ProcessingUpdate.swift */ = {isa = PBXFileReference; fileEncoding = 4; lastKnownFileType = sourcecode.swift; path = ProcessingUpdate.swift; sourceTree = "<group>"; };
		79A1B3A82A5C4E12000555E8 /* MaterialProgressView.swift */ = {isa = PBXFileReference; fileEncoding = 4; lastKnownFileType = sourcecode.swift; path = MaterialProgressView.swift; sourceTree = "<group>"; };
		79A1B3A92A5C4E12000555E8 /* ScalableImageView.swift */ = {isa = PBXFileReference; fileEncoding = 4; lastKnownFileType = sourcecode.swift; path = ScalableImageView.swift; sourceTree = "<group>"; };
		79A1B3AC2A5C4E21000555E8 /* ImageToImageProcessingViewModel.swift */ = {isa = PBXFileReference; lastKnownFileType = sourcecode.swift; path = ImageToImageProcessingViewModel.swift; sourceTree = "<group>"; };
		79A1B3AD2A5C4E21000555E8 /* ImageToImageProcessingView.swift */ = {isa = PBXFileReference; lastKnownFileType = sourcecode.swift; path = ImageToImageProcessingView.swift; sourceTree = "<group>"; };
		79D7023D2A3D8E73004D38A0 /* MainView.swift */ = {isa = PBXFileReference; lastKnownFileType = sourcecode.swift; path = MainView.swift; sourceTree = "<group>"; };
		79D702412A3D98DB004D38A0 /* Assets.xcassets */ = {isa = PBXFileReference; lastKnownFileType = folder.assetcatalog; path = Assets.xcassets; sourceTree = "<group>"; };
		79D7024A2A3DC5E0004D38A0 /* ProcessingInfoCard.swift */ = {isa = PBXFileReference; lastKnownFileType = sourcecode.swift; path = ProcessingInfoCard.swift; sourceTree = "<group>"; };
		79D702652A3EF044004D38A0 /* sample512.png */ = {isa = PBXFileReference; lastKnownFileType = image.png; path = sample512.png; sourceTree = "<group>"; };
/* End PBXFileReference section */

/* Begin PBXFrameworksBuildPhase section */
		7935428F2A3C6D63008DB683 /* Frameworks */ = {
			isa = PBXFrameworksBuildPhase;
			buildActionMask = 2147483647;
			files = (
			);
			runOnlyForDeploymentPostprocessing = 0;
		};
		797B73BB2A387ADF0059BA32 /* Frameworks */ = {
			isa = PBXFrameworksBuildPhase;
			buildActionMask = 2147483647;
			files = (
			);
			runOnlyForDeploymentPostprocessing = 0;
		};
/* End PBXFrameworksBuildPhase section */

/* Begin PBXGroup section */
		7906C1E82A61908E004E31B4 /* Model */ = {
			isa = PBXGroup;
			children = (
				793F57662A62A4FE0084E37B /* ProcessingType */,
				79A1B3A32A5C4C2F000555E8 /* ProcessingUpdate.swift */,
			);
			name = Model;
			path = ImageUpscaler/Components/ImageProcessor/Model;
			sourceTree = SOURCE_ROOT;
		};
		793542932A3C6D63008DB683 /* ImageUpscalerTests */ = {
			isa = PBXGroup;
			children = (
				793542942A3C6D63008DB683 /* ImageUpscalerTests.swift */,
				79D702652A3EF044004D38A0 /* sample512.png */,
			);
			path = ImageUpscalerTests;
			sourceTree = "<group>";
		};
		793F57662A62A4FE0084E37B /* ProcessingType */ = {
			isa = PBXGroup;
			children = (
				7906C1E92A61908E004E31B4 /* ProcessingType.swift */,
				793F576B2A62A5630084E37B /* ProcessingType+Description.swift */,
				793F57672A62A50C0084E37B /* ProcessingType+ProcessingMethod.swift */,
				793F57692A62A5460084E37B /* ProcessingType+Model.swift */,
			);
			path = ProcessingType;
			sourceTree = "<group>";
		};
		793F576D2A62AD400084E37B /* Localization */ = {
			isa = PBXGroup;
			children = (
				793F57722A62AD600084E37B /* Localizable.strings */,
			);
			path = Localization;
			sourceTree = "<group>";
		};
		79574BE82A3C560C00DBF852 /* Resources */ = {
			isa = PBXGroup;
			children = (
				793F576D2A62AD400084E37B /* Localization */,
				7967D1342A613C510088E51D /* Models */,
				79D702412A3D98DB004D38A0 /* Assets.xcassets */,
				797B73C72A387ADF0059BA32 /* Preview Content */,
			);
			path = Resources;
			sourceTree = "<group>";
		};
		79574BE92A3C561D00DBF852 /* App */ = {
			isa = PBXGroup;
			children = (
				797B73C12A387ADF0059BA32 /* ImageUpscalerApp.swift */,
			);
			path = App;
			sourceTree = "<group>";
		};
		7967D1112A5FEA070088E51D /* Logics */ = {
			isa = PBXGroup;
			children = (
				7967D1122A5FEA170088E51D /* UIImage+Tiling.swift */,
				7967D1142A5FEA4E0088E51D /* Image+WithFixedOrientation.swift */,
				7967D1162A5FEB9B0088E51D /* Subject+SendOnMain.swift */,
				7967D11C2A5FED8E0088E51D /* CIImage+CGImage.swift */,
				7967D1232A5FF28B0088E51D /* CoreGraphics+Arithmetics.swift */,
				7967D12C2A604B960088E51D /* UIImage+Resized.swift */,
				793F57742A62B4540084E37B /* String+Localized.swift */,
			);
			path = Logics;
			sourceTree = "<group>";
		};
		7967D11E2A5FEEF00088E51D /* UI */ = {
			isa = PBXGroup;
			children = (
				7967D1212A5FF24C0088E51D /* View+Haptics.swift */,
				7967D12E2A605E500088E51D /* VerticalLabelStyle.swift */,
				7967D1302A61326E0088E51D /* View+ErrorAlert.swift */,
				793F57642A628C8A0084E37B /* ActivityViewController.swift */,
			);
			path = UI;
			sourceTree = "<group>";
		};
		7967D1342A613C510088E51D /* Models */ = {
			isa = PBXGroup;
			children = (
				79A1B39C2A5C49AB000555E8 /* Zero-DCE.mlmodel */,
				79A1B39E2A5C49B6000555E8 /* RealesrGAN.mlmodel */,
			);
			path = Models;
			sourceTree = "<group>";
		};
		7967D1372A6157CB0088E51D /* ImageToImageProcessingView */ = {
			isa = PBXGroup;
			children = (
				79A1B3AD2A5C4E21000555E8 /* ImageToImageProcessingView.swift */,
				79A1B3AC2A5C4E21000555E8 /* ImageToImageProcessingViewModel.swift */,
			);
			path = ImageToImageProcessingView;
			sourceTree = "<group>";
		};
		797B73B52A387ADE0059BA32 = {
			isa = PBXGroup;
			children = (
				797B73C02A387ADF0059BA32 /* ImageUpscaler */,
				793542932A3C6D63008DB683 /* ImageUpscalerTests */,
				797B73BF2A387ADF0059BA32 /* Products */,
				79894B872A5AAD03000A9815 /* Frameworks */,
			);
			sourceTree = "<group>";
		};
		797B73BF2A387ADF0059BA32 /* Products */ = {
			isa = PBXGroup;
			children = (
				797B73BE2A387ADF0059BA32 /* ImageUpscaler.app */,
				793542922A3C6D63008DB683 /* ImageUpscalerTests.xctest */,
			);
			name = Products;
			sourceTree = "<group>";
		};
		797B73C02A387ADF0059BA32 /* ImageUpscaler */ = {
			isa = PBXGroup;
			children = (
				799DE3CD2A4B4B10002EF57F /* Info.plist */,
				79D702432A3DBB74004D38A0 /* Helpers */,
				79D7023B2A3D8D87004D38A0 /* Components */,
				79574BE92A3C561D00DBF852 /* App */,
				79574BE82A3C560C00DBF852 /* Resources */,
			);
			path = ImageUpscaler;
			sourceTree = "<group>";
		};
		797B73C72A387ADF0059BA32 /* Preview Content */ = {
			isa = PBXGroup;
			children = (
				797B73C82A387ADF0059BA32 /* Preview Assets.xcassets */,
			);
			path = "Preview Content";
			sourceTree = "<group>";
		};
		79894B872A5AAD03000A9815 /* Frameworks */ = {
			isa = PBXGroup;
			children = (
			);
			name = Frameworks;
			sourceTree = "<group>";
		};
		79A1B3A02A5C49D6000555E8 /* Processors */ = {
			isa = PBXGroup;
			children = (
				7906C1E82A61908E004E31B4 /* Model */,
				79A1B3B02A5C4FA8000555E8 /* ImageToImage */,
			);
			path = Processors;
			sourceTree = "<group>";
		};
		79A1B3A72A5C4E0A000555E8 /* View */ = {
			isa = PBXGroup;
			children = (
				79D7024A2A3DC5E0004D38A0 /* ProcessingInfoCard.swift */,
				79A1B3A82A5C4E12000555E8 /* MaterialProgressView.swift */,
				79A1B3A92A5C4E12000555E8 /* ScalableImageView.swift */,
			);
			path = View;
			sourceTree = "<group>";
		};
		79A1B3B02A5C4FA8000555E8 /* ImageToImage */ = {
			isa = PBXGroup;
			children = (
				79A1B3B22A5C4FD4000555E8 /* View */,
				79A1B3962A5C4929000555E8 /* ImageToImageProcessor.swift */,
				7967D1322A6137130088E51D /* ImageToImageProcessingError.swift */,
				7967D1252A5FF8410088E51D /* ImageToImageConfiguration.swift */,
			);
			path = ImageToImage;
			sourceTree = "<group>";
		};
		79A1B3B22A5C4FD4000555E8 /* View */ = {
			isa = PBXGroup;
			children = (
				7967D1372A6157CB0088E51D /* ImageToImageProcessingView */,
				79410D8F2A5EEA5200C78CE1 /* ImageToImageConfigurationView.swift */,
				7967D12A2A6045D90088E51D /* ImagePropertiesView.swift */,
			);
			path = View;
			sourceTree = "<group>";
		};
		79B1A0672A41AEA0005AA9CA /* ImageProcessor */ = {
			isa = PBXGroup;
			children = (
				79A1B3A02A5C49D6000555E8 /* Processors */,
				79A1B3A72A5C4E0A000555E8 /* View */,
			);
			path = ImageProcessor;
			sourceTree = "<group>";
		};
		79D7023B2A3D8D87004D38A0 /* Components */ = {
			isa = PBXGroup;
			children = (
				79B1A0672A41AEA0005AA9CA /* ImageProcessor */,
				79D7023C2A3D8E69004D38A0 /* Main */,
			);
			path = Components;
			sourceTree = "<group>";
		};
		79D7023C2A3D8E69004D38A0 /* Main */ = {
			isa = PBXGroup;
			children = (
				79D7023D2A3D8E73004D38A0 /* MainView.swift */,
			);
			path = Main;
			sourceTree = "<group>";
		};
		79D702432A3DBB74004D38A0 /* Helpers */ = {
			isa = PBXGroup;
			children = (
				7967D11E2A5FEEF00088E51D /* UI */,
				7967D1112A5FEA070088E51D /* Logics */,
			);
			path = Helpers;
			sourceTree = "<group>";
		};
/* End PBXGroup section */

/* Begin PBXNativeTarget section */
		793542912A3C6D63008DB683 /* ImageUpscalerTests */ = {
			isa = PBXNativeTarget;
			buildConfigurationList = 7935429A2A3C6D63008DB683 /* Build configuration list for PBXNativeTarget "ImageUpscalerTests" */;
			buildPhases = (
				7935428E2A3C6D63008DB683 /* Sources */,
				7935428F2A3C6D63008DB683 /* Frameworks */,
				793542902A3C6D63008DB683 /* Resources */,
			);
			buildRules = (
			);
			dependencies = (
				793542972A3C6D63008DB683 /* PBXTargetDependency */,
			);
			name = ImageUpscalerTests;
			productName = ImageUpscalerTests;
			productReference = 793542922A3C6D63008DB683 /* ImageUpscalerTests.xctest */;
			productType = "com.apple.product-type.bundle.unit-test";
		};
		797B73BD2A387ADF0059BA32 /* ImageUpscaler */ = {
			isa = PBXNativeTarget;
			buildConfigurationList = 797B73CC2A387ADF0059BA32 /* Build configuration list for PBXNativeTarget "ImageUpscaler" */;
			buildPhases = (
				797B73BA2A387ADF0059BA32 /* Sources */,
				797B73BB2A387ADF0059BA32 /* Frameworks */,
				797B73BC2A387ADF0059BA32 /* Resources */,
				7962DC452A3C9FBE00B54911 /* ShellScript */,
			);
			buildRules = (
			);
			dependencies = (
			);
			name = ImageUpscaler;
			packageProductDependencies = (
			);
			productName = ImageUpscaler;
			productReference = 797B73BE2A387ADF0059BA32 /* ImageUpscaler.app */;
			productType = "com.apple.product-type.application";
		};
/* End PBXNativeTarget section */

/* Begin PBXProject section */
		797B73B62A387ADE0059BA32 /* Project object */ = {
			isa = PBXProject;
			attributes = {
				BuildIndependentTargetsInParallel = 1;
				LastSwiftUpdateCheck = 1420;
				LastUpgradeCheck = 1420;
				TargetAttributes = {
					793542912A3C6D63008DB683 = {
						CreatedOnToolsVersion = 14.2;
						TestTargetID = 797B73BD2A387ADF0059BA32;
					};
					797B73BD2A387ADF0059BA32 = {
						CreatedOnToolsVersion = 14.2;
					};
				};
			};
			buildConfigurationList = 797B73B92A387ADE0059BA32 /* Build configuration list for PBXProject "ImageUpscaler" */;
			compatibilityVersion = "Xcode 14.0";
			developmentRegion = en;
			hasScannedForEncodings = 0;
			knownRegions = (
				en,
				Base,
				uk,
			);
			mainGroup = 797B73B52A387ADE0059BA32;
			productRefGroup = 797B73BF2A387ADF0059BA32 /* Products */;
			projectDirPath = "";
			projectRoot = "";
			targets = (
				797B73BD2A387ADF0059BA32 /* ImageUpscaler */,
				793542912A3C6D63008DB683 /* ImageUpscalerTests */,
			);
		};
/* End PBXProject section */

/* Begin PBXResourcesBuildPhase section */
		793542902A3C6D63008DB683 /* Resources */ = {
			isa = PBXResourcesBuildPhase;
			buildActionMask = 2147483647;
			files = (
				79D702662A3EF045004D38A0 /* sample512.png in Resources */,
			);
			runOnlyForDeploymentPostprocessing = 0;
		};
		797B73BC2A387ADF0059BA32 /* Resources */ = {
			isa = PBXResourcesBuildPhase;
			buildActionMask = 2147483647;
			files = (
				79D702422A3D98DB004D38A0 /* Assets.xcassets in Resources */,
				793F57702A62AD600084E37B /* Localizable.strings in Resources */,
				797B73C92A387ADF0059BA32 /* Preview Assets.xcassets in Resources */,
			);
			runOnlyForDeploymentPostprocessing = 0;
		};
/* End PBXResourcesBuildPhase section */

/* Begin PBXShellScriptBuildPhase section */
		7962DC452A3C9FBE00B54911 /* ShellScript */ = {
			isa = PBXShellScriptBuildPhase;
			alwaysOutOfDate = 1;
			buildActionMask = 2147483647;
			files = (
			);
			inputFileListPaths = (
			);
			inputPaths = (
			);
			outputFileListPaths = (
			);
			outputPaths = (
			);
			runOnlyForDeploymentPostprocessing = 0;
			shellPath = /bin/sh;
			shellScript = "if [[ \"$(uname -m)\" == arm64 ]]; then\n    export PATH=\"/opt/homebrew/bin:$PATH\"\nfi\n\nif which swiftlint > /dev/null; then\n  swiftlint\nelse\n  echo \"warning: SwiftLint not installed, download from https://github.com/realm/SwiftLint\"\nfi\n";
		};
/* End PBXShellScriptBuildPhase section */

/* Begin PBXSourcesBuildPhase section */
		7935428E2A3C6D63008DB683 /* Sources */ = {
			isa = PBXSourcesBuildPhase;
			buildActionMask = 2147483647;
			files = (
				793542952A3C6D63008DB683 /* ImageUpscalerTests.swift in Sources */,
			);
			runOnlyForDeploymentPostprocessing = 0;
		};
		797B73BA2A387ADF0059BA32 /* Sources */ = {
			isa = PBXSourcesBuildPhase;
			buildActionMask = 2147483647;
			files = (
				7906C1EB2A61908E004E31B4 /* ProcessingType.swift in Sources */,
				7967D1132A5FEA170088E51D /* UIImage+Tiling.swift in Sources */,
				79D7023E2A3D8E73004D38A0 /* MainView.swift in Sources */,
				7967D1262A5FF8410088E51D /* ImageToImageConfiguration.swift in Sources */,
				7967D12F2A605E500088E51D /* VerticalLabelStyle.swift in Sources */,
				79A1B3A42A5C4C2F000555E8 /* ProcessingUpdate.swift in Sources */,
				7967D1312A61326E0088E51D /* View+ErrorAlert.swift in Sources */,
				79A1B3AA2A5C4E12000555E8 /* MaterialProgressView.swift in Sources */,
				79A1B3972A5C4929000555E8 /* ImageToImageProcessor.swift in Sources */,
				7967D1242A5FF28B0088E51D /* CoreGraphics+Arithmetics.swift in Sources */,
				79A1B3AB2A5C4E12000555E8 /* ScalableImageView.swift in Sources */,
				793F57652A628C8A0084E37B /* ActivityViewController.swift in Sources */,
				793F576A2A62A5460084E37B /* ProcessingType+Model.swift in Sources */,
				79A1B39F2A5C49B6000555E8 /* RealesrGAN.mlmodel in Sources */,
				793F576C2A62A5630084E37B /* ProcessingType+Description.swift in Sources */,
				79D7024B2A3DC5E0004D38A0 /* ProcessingInfoCard.swift in Sources */,
				793F57682A62A50C0084E37B /* ProcessingType+ProcessingMethod.swift in Sources */,
				797B73C22A387ADF0059BA32 /* ImageUpscalerApp.swift in Sources */,
				7967D1152A5FEA4E0088E51D /* Image+WithFixedOrientation.swift in Sources */,
				7967D1172A5FEB9B0088E51D /* Subject+SendOnMain.swift in Sources */,
				7967D1222A5FF24C0088E51D /* View+Haptics.swift in Sources */,
				79A1B39D2A5C49AB000555E8 /* Zero-DCE.mlmodel in Sources */,
				7967D1332A6137130088E51D /* ImageToImageProcessingError.swift in Sources */,
				79A1B3AE2A5C4E21000555E8 /* ImageToImageProcessingViewModel.swift in Sources */,
				793F57752A62B4540084E37B /* String+Localized.swift in Sources */,
				79A1B3AF2A5C4E21000555E8 /* ImageToImageProcessingView.swift in Sources */,
				79410D902A5EEA5200C78CE1 /* ImageToImageConfigurationView.swift in Sources */,
				7967D11D2A5FED8E0088E51D /* CIImage+CGImage.swift in Sources */,
				7967D12B2A6045D90088E51D /* ImagePropertiesView.swift in Sources */,
				7967D12D2A604B960088E51D /* UIImage+Resized.swift in Sources */,
			);
			runOnlyForDeploymentPostprocessing = 0;
		};
/* End PBXSourcesBuildPhase section */

/* Begin PBXTargetDependency section */
		793542972A3C6D63008DB683 /* PBXTargetDependency */ = {
			isa = PBXTargetDependency;
			target = 797B73BD2A387ADF0059BA32 /* ImageUpscaler */;
			targetProxy = 793542962A3C6D63008DB683 /* PBXContainerItemProxy */;
		};
/* End PBXTargetDependency section */

/* Begin PBXVariantGroup section */
		793F57722A62AD600084E37B /* Localizable.strings */ = {
			isa = PBXVariantGroup;
			children = (
				793F57712A62AD600084E37B /* en */,
				793F57732A62AD790084E37B /* uk */,
			);
			name = Localizable.strings;
			sourceTree = "<group>";
		};
/* End PBXVariantGroup section */

/* Begin XCBuildConfiguration section */
		793542982A3C6D63008DB683 /* Debug */ = {
			isa = XCBuildConfiguration;
			buildSettings = {
				BUNDLE_LOADER = "$(TEST_HOST)";
				CODE_SIGN_STYLE = Automatic;
				CURRENT_PROJECT_VERSION = 1;
				DEVELOPMENT_TEAM = G66XPV3HVM;
				GENERATE_INFOPLIST_FILE = YES;
				IPHONEOS_DEPLOYMENT_TARGET = 16.2;
				MARKETING_VERSION = 1.0;
				PRODUCT_BUNDLE_IDENTIFIER = com.vpavlovskyi.ImageUpscalerTests;
				PRODUCT_NAME = "$(TARGET_NAME)";
				SWIFT_EMIT_LOC_STRINGS = NO;
				SWIFT_VERSION = 5.0;
				TARGETED_DEVICE_FAMILY = "1,2";
				TEST_HOST = "$(BUILT_PRODUCTS_DIR)/ImageUpscaler.app/$(BUNDLE_EXECUTABLE_FOLDER_PATH)/ImageUpscaler";
			};
			name = Debug;
		};
		793542992A3C6D63008DB683 /* Release */ = {
			isa = XCBuildConfiguration;
			buildSettings = {
				BUNDLE_LOADER = "$(TEST_HOST)";
				CODE_SIGN_STYLE = Automatic;
				CURRENT_PROJECT_VERSION = 1;
				DEVELOPMENT_TEAM = G66XPV3HVM;
				GENERATE_INFOPLIST_FILE = YES;
				IPHONEOS_DEPLOYMENT_TARGET = 16.2;
				MARKETING_VERSION = 1.0;
				PRODUCT_BUNDLE_IDENTIFIER = com.vpavlovskyi.ImageUpscalerTests;
				PRODUCT_NAME = "$(TARGET_NAME)";
				SWIFT_EMIT_LOC_STRINGS = NO;
				SWIFT_VERSION = 5.0;
				TARGETED_DEVICE_FAMILY = "1,2";
				TEST_HOST = "$(BUILT_PRODUCTS_DIR)/ImageUpscaler.app/$(BUNDLE_EXECUTABLE_FOLDER_PATH)/ImageUpscaler";
			};
			name = Release;
		};
		797B73CA2A387ADF0059BA32 /* Debug */ = {
			isa = XCBuildConfiguration;
			buildSettings = {
				ALWAYS_SEARCH_USER_PATHS = NO;
				CLANG_ANALYZER_LOCALIZABILITY_NONLOCALIZED = YES;
				CLANG_ANALYZER_NONNULL = YES;
				CLANG_ANALYZER_NUMBER_OBJECT_CONVERSION = YES_AGGRESSIVE;
				CLANG_CXX_LANGUAGE_STANDARD = "gnu++20";
				CLANG_ENABLE_MODULES = YES;
				CLANG_ENABLE_OBJC_ARC = YES;
				CLANG_ENABLE_OBJC_WEAK = YES;
				CLANG_WARN_BLOCK_CAPTURE_AUTORELEASING = YES;
				CLANG_WARN_BOOL_CONVERSION = YES;
				CLANG_WARN_COMMA = YES;
				CLANG_WARN_CONSTANT_CONVERSION = YES;
				CLANG_WARN_DEPRECATED_OBJC_IMPLEMENTATIONS = YES;
				CLANG_WARN_DIRECT_OBJC_ISA_USAGE = YES_ERROR;
				CLANG_WARN_DOCUMENTATION_COMMENTS = YES;
				CLANG_WARN_EMPTY_BODY = YES;
				CLANG_WARN_ENUM_CONVERSION = YES;
				CLANG_WARN_INFINITE_RECURSION = YES;
				CLANG_WARN_INT_CONVERSION = YES;
				CLANG_WARN_NON_LITERAL_NULL_CONVERSION = YES;
				CLANG_WARN_OBJC_IMPLICIT_RETAIN_SELF = YES;
				CLANG_WARN_OBJC_LITERAL_CONVERSION = YES;
				CLANG_WARN_OBJC_ROOT_CLASS = YES_ERROR;
				CLANG_WARN_QUOTED_INCLUDE_IN_FRAMEWORK_HEADER = YES;
				CLANG_WARN_RANGE_LOOP_ANALYSIS = YES;
				CLANG_WARN_STRICT_PROTOTYPES = YES;
				CLANG_WARN_SUSPICIOUS_MOVE = YES;
				CLANG_WARN_UNGUARDED_AVAILABILITY = YES_AGGRESSIVE;
				CLANG_WARN_UNREACHABLE_CODE = YES;
				CLANG_WARN__DUPLICATE_METHOD_MATCH = YES;
				COPY_PHASE_STRIP = NO;
				DEBUG_INFORMATION_FORMAT = dwarf;
				ENABLE_STRICT_OBJC_MSGSEND = YES;
				ENABLE_TESTABILITY = YES;
				GCC_C_LANGUAGE_STANDARD = gnu11;
				GCC_DYNAMIC_NO_PIC = NO;
				GCC_NO_COMMON_BLOCKS = YES;
				GCC_OPTIMIZATION_LEVEL = 0;
				GCC_PREPROCESSOR_DEFINITIONS = (
					"DEBUG=1",
					"$(inherited)",
				);
				GCC_WARN_64_TO_32_BIT_CONVERSION = YES;
				GCC_WARN_ABOUT_RETURN_TYPE = YES_ERROR;
				GCC_WARN_UNDECLARED_SELECTOR = YES;
				GCC_WARN_UNINITIALIZED_AUTOS = YES_AGGRESSIVE;
				GCC_WARN_UNUSED_FUNCTION = YES;
				GCC_WARN_UNUSED_VARIABLE = YES;
				IPHONEOS_DEPLOYMENT_TARGET = 16.0;
				MTL_ENABLE_DEBUG_INFO = INCLUDE_SOURCE;
				MTL_FAST_MATH = YES;
				ONLY_ACTIVE_ARCH = YES;
				SDKROOT = iphoneos;
				SWIFT_ACTIVE_COMPILATION_CONDITIONS = DEBUG;
				SWIFT_OPTIMIZATION_LEVEL = "-Onone";
			};
			name = Debug;
		};
		797B73CB2A387ADF0059BA32 /* Release */ = {
			isa = XCBuildConfiguration;
			buildSettings = {
				ALWAYS_SEARCH_USER_PATHS = NO;
				CLANG_ANALYZER_LOCALIZABILITY_NONLOCALIZED = YES;
				CLANG_ANALYZER_NONNULL = YES;
				CLANG_ANALYZER_NUMBER_OBJECT_CONVERSION = YES_AGGRESSIVE;
				CLANG_CXX_LANGUAGE_STANDARD = "gnu++20";
				CLANG_ENABLE_MODULES = YES;
				CLANG_ENABLE_OBJC_ARC = YES;
				CLANG_ENABLE_OBJC_WEAK = YES;
				CLANG_WARN_BLOCK_CAPTURE_AUTORELEASING = YES;
				CLANG_WARN_BOOL_CONVERSION = YES;
				CLANG_WARN_COMMA = YES;
				CLANG_WARN_CONSTANT_CONVERSION = YES;
				CLANG_WARN_DEPRECATED_OBJC_IMPLEMENTATIONS = YES;
				CLANG_WARN_DIRECT_OBJC_ISA_USAGE = YES_ERROR;
				CLANG_WARN_DOCUMENTATION_COMMENTS = YES;
				CLANG_WARN_EMPTY_BODY = YES;
				CLANG_WARN_ENUM_CONVERSION = YES;
				CLANG_WARN_INFINITE_RECURSION = YES;
				CLANG_WARN_INT_CONVERSION = YES;
				CLANG_WARN_NON_LITERAL_NULL_CONVERSION = YES;
				CLANG_WARN_OBJC_IMPLICIT_RETAIN_SELF = YES;
				CLANG_WARN_OBJC_LITERAL_CONVERSION = YES;
				CLANG_WARN_OBJC_ROOT_CLASS = YES_ERROR;
				CLANG_WARN_QUOTED_INCLUDE_IN_FRAMEWORK_HEADER = YES;
				CLANG_WARN_RANGE_LOOP_ANALYSIS = YES;
				CLANG_WARN_STRICT_PROTOTYPES = YES;
				CLANG_WARN_SUSPICIOUS_MOVE = YES;
				CLANG_WARN_UNGUARDED_AVAILABILITY = YES_AGGRESSIVE;
				CLANG_WARN_UNREACHABLE_CODE = YES;
				CLANG_WARN__DUPLICATE_METHOD_MATCH = YES;
				COPY_PHASE_STRIP = NO;
				DEBUG_INFORMATION_FORMAT = "dwarf-with-dsym";
				ENABLE_NS_ASSERTIONS = NO;
				ENABLE_STRICT_OBJC_MSGSEND = YES;
				GCC_C_LANGUAGE_STANDARD = gnu11;
				GCC_NO_COMMON_BLOCKS = YES;
				GCC_WARN_64_TO_32_BIT_CONVERSION = YES;
				GCC_WARN_ABOUT_RETURN_TYPE = YES_ERROR;
				GCC_WARN_UNDECLARED_SELECTOR = YES;
				GCC_WARN_UNINITIALIZED_AUTOS = YES_AGGRESSIVE;
				GCC_WARN_UNUSED_FUNCTION = YES;
				GCC_WARN_UNUSED_VARIABLE = YES;
				IPHONEOS_DEPLOYMENT_TARGET = 16.0;
				MTL_ENABLE_DEBUG_INFO = NO;
				MTL_FAST_MATH = YES;
				SDKROOT = iphoneos;
				SWIFT_COMPILATION_MODE = wholemodule;
				SWIFT_OPTIMIZATION_LEVEL = "-O";
				VALIDATE_PRODUCT = YES;
			};
			name = Release;
		};
		797B73CD2A387ADF0059BA32 /* Debug */ = {
			isa = XCBuildConfiguration;
			buildSettings = {
				ASSETCATALOG_COMPILER_APPICON_NAME = AppIcon;
				ASSETCATALOG_COMPILER_GLOBAL_ACCENT_COLOR_NAME = AccentColor;
				CODE_SIGN_STYLE = Automatic;
				CURRENT_PROJECT_VERSION = 1;
				DEVELOPMENT_ASSET_PATHS = "\"ImageUpscaler/Resources/Preview Content\"";
				DEVELOPMENT_TEAM = G66XPV3HVM;
				ENABLE_PREVIEWS = YES;
				GENERATE_INFOPLIST_FILE = YES;
				INFOPLIST_FILE = ImageUpscaler/Info.plist;
				INFOPLIST_KEY_CFBundleDisplayName = "Image Upscaler";
				INFOPLIST_KEY_LSApplicationCategoryType = "public.app-category.photography";
				INFOPLIST_KEY_NSPhotoLibraryAddUsageDescription = "Save processed image to Photo Library";
				INFOPLIST_KEY_UIApplicationSceneManifest_Generation = YES;
				INFOPLIST_KEY_UIApplicationSupportsIndirectInputEvents = YES;
				INFOPLIST_KEY_UILaunchScreen_Generation = YES;
				INFOPLIST_KEY_UIRequiresFullScreen = YES;
				INFOPLIST_KEY_UIStatusBarStyle = "";
				INFOPLIST_KEY_UISupportedInterfaceOrientations = UIInterfaceOrientationPortrait;
				IPHONEOS_DEPLOYMENT_TARGET = 16.0;
				LD_RUNPATH_SEARCH_PATHS = (
					"$(inherited)",
					"@executable_path/Frameworks",
				);
				MARKETING_VERSION = 0.1;
				PRODUCT_BUNDLE_IDENTIFIER = com.vpavlovskyi.ImageUpscaler;
				PRODUCT_NAME = "$(TARGET_NAME)";
				SWIFT_EMIT_LOC_STRINGS = YES;
				SWIFT_VERSION = 5.0;
				TARGETED_DEVICE_FAMILY = "1,2";
			};
			name = Debug;
		};
		797B73CE2A387ADF0059BA32 /* Release */ = {
			isa = XCBuildConfiguration;
			buildSettings = {
				ASSETCATALOG_COMPILER_APPICON_NAME = AppIcon;
				ASSETCATALOG_COMPILER_GLOBAL_ACCENT_COLOR_NAME = AccentColor;
				CODE_SIGN_STYLE = Automatic;
				CURRENT_PROJECT_VERSION = 1;
				DEVELOPMENT_ASSET_PATHS = "\"ImageUpscaler/Resources/Preview Content\"";
				DEVELOPMENT_TEAM = G66XPV3HVM;
				ENABLE_PREVIEWS = YES;
				GENERATE_INFOPLIST_FILE = YES;
				INFOPLIST_FILE = ImageUpscaler/Info.plist;
				INFOPLIST_KEY_CFBundleDisplayName = "Image Upscaler";
				INFOPLIST_KEY_LSApplicationCategoryType = "public.app-category.photography";
				INFOPLIST_KEY_NSPhotoLibraryAddUsageDescription = "Save processed image to Photo Library";
				INFOPLIST_KEY_UIApplicationSceneManifest_Generation = YES;
				INFOPLIST_KEY_UIApplicationSupportsIndirectInputEvents = YES;
				INFOPLIST_KEY_UILaunchScreen_Generation = YES;
				INFOPLIST_KEY_UIRequiresFullScreen = YES;
				INFOPLIST_KEY_UIStatusBarStyle = "";
				INFOPLIST_KEY_UISupportedInterfaceOrientations = UIInterfaceOrientationPortrait;
				IPHONEOS_DEPLOYMENT_TARGET = 16.0;
				LD_RUNPATH_SEARCH_PATHS = (
					"$(inherited)",
					"@executable_path/Frameworks",
				);
				MARKETING_VERSION = 0.1;
				PRODUCT_BUNDLE_IDENTIFIER = com.vpavlovskyi.ImageUpscaler;
				PRODUCT_NAME = "$(TARGET_NAME)";
				SWIFT_EMIT_LOC_STRINGS = YES;
				SWIFT_VERSION = 5.0;
				TARGETED_DEVICE_FAMILY = "1,2";
			};
			name = Release;
		};
/* End XCBuildConfiguration section */

/* Begin XCConfigurationList section */
		7935429A2A3C6D63008DB683 /* Build configuration list for PBXNativeTarget "ImageUpscalerTests" */ = {
			isa = XCConfigurationList;
			buildConfigurations = (
				793542982A3C6D63008DB683 /* Debug */,
				793542992A3C6D63008DB683 /* Release */,
			);
			defaultConfigurationIsVisible = 0;
			defaultConfigurationName = Release;
		};
		797B73B92A387ADE0059BA32 /* Build configuration list for PBXProject "ImageUpscaler" */ = {
			isa = XCConfigurationList;
			buildConfigurations = (
				797B73CA2A387ADF0059BA32 /* Debug */,
				797B73CB2A387ADF0059BA32 /* Release */,
			);
			defaultConfigurationIsVisible = 0;
			defaultConfigurationName = Release;
		};
		797B73CC2A387ADF0059BA32 /* Build configuration list for PBXNativeTarget "ImageUpscaler" */ = {
			isa = XCConfigurationList;
			buildConfigurations = (
				797B73CD2A387ADF0059BA32 /* Debug */,
				797B73CE2A387ADF0059BA32 /* Release */,
			);
			defaultConfigurationIsVisible = 0;
			defaultConfigurationName = Release;
		};
/* End XCConfigurationList section */
	};
	rootObject = 797B73B62A387ADE0059BA32 /* Project object */;
}
